
Microsoft Visual Studio Solution File, Format Version 12.00
# Visual Studio Version 17
VisualStudioVersion = 17.5.33103.201
MinimumVisualStudioVersion = 10.0.40219.1
Project("{9A19103F-16F7-4668-BE54-9A1E7A4F7556}") = "File.API", "File.API\File.API.csproj", "{87E03C39-5BF7-4861-953E-0E5AECAC1C02}"
EndProject
Project("{9A19103F-16F7-4668-BE54-9A1E7A4F7556}") = "File.Core", "File.Core\File.Core.csproj", "{64358599-098D-42CD-944E-5046AEA2CFBD}"
EndProject
Project("{9A19103F-16F7-4668-BE54-9A1E7A4F7556}") = "File.Domain", "File.Domain\File.Domain.csproj", "{64141313-5666-4D8A-91C1-31A876CFC7CD}"
EndProject
Project("{9A19103F-16F7-4668-BE54-9A1E7A4F7556}") = "File.Infrastructure", "File.Infrastructure\File.Infrastructure.csproj", "{A63743FB-4697-4D96-B109-17C7FCEB1D7F}"
EndProject
Project("{2150E333-8FDC-42A3-9474-1A3956D46DE8}") = "Tests", "Tests", "{D072735D-C2C2-44FF-B7E4-3B67667C464E}"
EndProject
Project("{9A19103F-16F7-4668-BE54-9A1E7A4F7556}") = "File.Core.UnitTests", "Tests\File.Core.Tests\File.Core.UnitTests.csproj", "{C36F9431-AF50-4050-8324-D778470B97C1}"
EndProject
Project("{9A19103F-16F7-4668-BE54-9A1E7A4F7556}") = "File.Infrastructure.UnitTests", "Tests\File.Infrastructure.Tests\File.Infrastructure.UnitTests.csproj", "{58D37443-63AE-46D4-AA2C-B9BE3D779425}"
EndProject
Project("{9A19103F-16F7-4668-BE54-9A1E7A4F7556}") = "File.API.UnitTests", "Tests\File.API.Tests\File.API.UnitTests.csproj", "{467FD95E-D259-4F98-ADCE-AA26B86DFAD4}"
EndProject
Project("{9A19103F-16F7-4668-BE54-9A1E7A4F7556}") = "File.Domain.UnitTests", "Tests\File.Domain.Tests\File.Domain.UnitTests.csproj", "{54061C88-6FF8-4123-AD86-9D9A3BFD70CA}"
EndProject
Project("{2150E333-8FDC-42A3-9474-1A3956D46DE8}") = "UnitTests", "UnitTests", "{EAC2DE5D-5317-4988-9628-6FC0D9873ED7}"
EndProject
Project("{2150E333-8FDC-42A3-9474-1A3956D46DE8}") = "IntegrationTests", "IntegrationTests", "{A1AF94BE-337F-435C-BCC2-69BAC65BFFB4}"
EndProject
Project("{9A19103F-16F7-4668-BE54-9A1E7A4F7556}") = "File.Infrastructure.IntegrationTests", "Tests\File.Infrastructure.IntegrationTests\File.Infrastructure.IntegrationTests.csproj", "{08BCBE03-6C7F-49DA-B54F-4573DAD3A2A3}"
EndProject
Global
	GlobalSection(SolutionConfigurationPlatforms) = preSolution
		Debug|Any CPU = Debug|Any CPU
		Release|Any CPU = Release|Any CPU
	EndGlobalSection
	GlobalSection(ProjectConfigurationPlatforms) = postSolution
		{87E03C39-5BF7-4861-953E-0E5AECAC1C02}.Debug|Any CPU.ActiveCfg = Debug|Any CPU
		{87E03C39-5BF7-4861-953E-0E5AECAC1C02}.Debug|Any CPU.Build.0 = Debug|Any CPU
		{87E03C39-5BF7-4861-953E-0E5AECAC1C02}.Release|Any CPU.ActiveCfg = Release|Any CPU
		{87E03C39-5BF7-4861-953E-0E5AECAC1C02}.Release|Any CPU.Build.0 = Release|Any CPU
		{64358599-098D-42CD-944E-5046AEA2CFBD}.Debug|Any CPU.ActiveCfg = Debug|Any CPU
		{64358599-098D-42CD-944E-5046AEA2CFBD}.Debug|Any CPU.Build.0 = Debug|Any CPU
		{64358599-098D-42CD-944E-5046AEA2CFBD}.Release|Any CPU.ActiveCfg = Release|Any CPU
		{64358599-098D-42CD-944E-5046AEA2CFBD}.Release|Any CPU.Build.0 = Release|Any CPU
		{64141313-5666-4D8A-91C1-31A876CFC7CD}.Debug|Any CPU.ActiveCfg = Debug|Any CPU
		{64141313-5666-4D8A-91C1-31A876CFC7CD}.Debug|Any CPU.Build.0 = Debug|Any CPU
		{64141313-5666-4D8A-91C1-31A876CFC7CD}.Release|Any CPU.ActiveCfg = Release|Any CPU
		{64141313-5666-4D8A-91C1-31A876CFC7CD}.Release|Any CPU.Build.0 = Release|Any CPU
		{A63743FB-4697-4D96-B109-17C7FCEB1D7F}.Debug|Any CPU.ActiveCfg = Debug|Any CPU
		{A63743FB-4697-4D96-B109-17C7FCEB1D7F}.Debug|Any CPU.Build.0 = Debug|Any CPU
		{A63743FB-4697-4D96-B109-17C7FCEB1D7F}.Release|Any CPU.ActiveCfg = Release|Any CPU
		{A63743FB-4697-4D96-B109-17C7FCEB1D7F}.Release|Any CPU.Build.0 = Release|Any CPU
		{C36F9431-AF50-4050-8324-D778470B97C1}.Debug|Any CPU.ActiveCfg = Debug|Any CPU
		{C36F9431-AF50-4050-8324-D778470B97C1}.Debug|Any CPU.Build.0 = Debug|Any CPU
		{C36F9431-AF50-4050-8324-D778470B97C1}.Release|Any CPU.ActiveCfg = Release|Any CPU
		{C36F9431-AF50-4050-8324-D778470B97C1}.Release|Any CPU.Build.0 = Release|Any CPU
		{58D37443-63AE-46D4-AA2C-B9BE3D779425}.Debug|Any CPU.ActiveCfg = Debug|Any CPU
		{58D37443-63AE-46D4-AA2C-B9BE3D779425}.Debug|Any CPU.Build.0 = Debug|Any CPU
		{58D37443-63AE-46D4-AA2C-B9BE3D779425}.Release|Any CPU.ActiveCfg = Release|Any CPU
		{58D37443-63AE-46D4-AA2C-B9BE3D779425}.Release|Any CPU.Build.0 = Release|Any CPU
		{467FD95E-D259-4F98-ADCE-AA26B86DFAD4}.Debug|Any CPU.ActiveCfg = Debug|Any CPU
		{467FD95E-D259-4F98-ADCE-AA26B86DFAD4}.Debug|Any CPU.Build.0 = Debug|Any CPU
		{467FD95E-D259-4F98-ADCE-AA26B86DFAD4}.Release|Any CPU.ActiveCfg = Release|Any CPU
		{467FD95E-D259-4F98-ADCE-AA26B86DFAD4}.Release|Any CPU.Build.0 = Release|Any CPU
		{54061C88-6FF8-4123-AD86-9D9A3BFD70CA}.Debug|Any CPU.ActiveCfg = Debug|Any CPU
		{54061C88-6FF8-4123-AD86-9D9A3BFD70CA}.Debug|Any CPU.Build.0 = Debug|Any CPU
		{54061C88-6FF8-4123-AD86-9D9A3BFD70CA}.Release|Any CPU.ActiveCfg = Release|Any CPU
		{54061C88-6FF8-4123-AD86-9D9A3BFD70CA}.Release|Any CPU.Build.0 = Release|Any CPU
		{08BCBE03-6C7F-49DA-B54F-4573DAD3A2A3}.Debug|Any CPU.ActiveCfg = Debug|Any CPU
		{08BCBE03-6C7F-49DA-B54F-4573DAD3A2A3}.Debug|Any CPU.Build.0 = Debug|Any CPU
		{08BCBE03-6C7F-49DA-B54F-4573DAD3A2A3}.Release|Any CPU.ActiveCfg = Release|Any CPU
		{08BCBE03-6C7F-49DA-B54F-4573DAD3A2A3}.Release|Any CPU.Build.0 = Release|Any CPU
	EndGlobalSection
	GlobalSection(SolutionProperties) = preSolution
		HideSolutionNode = FALSE
	EndGlobalSection
	GlobalSection(NestedProjects) = preSolution
		{C36F9431-AF50-4050-8324-D778470B97C1} = {EAC2DE5D-5317-4988-9628-6FC0D9873ED7}
		{58D37443-63AE-46D4-AA2C-B9BE3D779425} = {EAC2DE5D-5317-4988-9628-6FC0D9873ED7}
		{467FD95E-D259-4F98-ADCE-AA26B86DFAD4} = {EAC2DE5D-5317-4988-9628-6FC0D9873ED7}
		{54061C88-6FF8-4123-AD86-9D9A3BFD70CA} = {EAC2DE5D-5317-4988-9628-6FC0D9873ED7}
		{EAC2DE5D-5317-4988-9628-6FC0D9873ED7} = {D072735D-C2C2-44FF-B7E4-3B67667C464E}
		{A1AF94BE-337F-435C-BCC2-69BAC65BFFB4} = {D072735D-C2C2-44FF-B7E4-3B67667C464E}
		{08BCBE03-6C7F-49DA-B54F-4573DAD3A2A3} = {A1AF94BE-337F-435C-BCC2-69BAC65BFFB4}
	EndGlobalSection
	GlobalSection(ExtensibilityGlobals) = postSolution
		SolutionGuid = {F5ECAF92-D74D-4184-BD5A-7AEC9CE76826}
	EndGlobalSection
EndGlobal
