
Microsoft Visual Studio Solution File, Format Version 12.00
# Visual Studio Version 17
VisualStudioVersion = 17.5.33103.201
MinimumVisualStudioVersion = 10.0.40219.1
Project("{9A19103F-16F7-4668-BE54-9A1E7A4F7556}") = "File.API", "File.API\File.API.csproj", "{87E03C39-5BF7-4861-953E-0E5AECAC1C02}"
EndProject
Project("{9A19103F-16F7-4668-BE54-9A1E7A4F7556}") = "File.Core", "File.Core\File.Core.csproj", "{64358599-098D-42CD-944E-5046AEA2CFBD}"
EndProject
Project("{9A19103F-16F7-4668-BE54-9A1E7A4F7556}") = "File.Domain", "File.Domain\File.Domain.csproj", "{64141313-5666-4D8A-91C1-31A876CFC7CD}"
EndProject
Project("{9A19103F-16F7-4668-BE54-9A1E7A4F7556}") = "File.Infrastructure", "File.Infrastructure\File.Infrastructure.csproj", "{A63743FB-4697-4D96-B109-17C7FCEB1D7F}"
EndProject
Project("{2150E333-8FDC-42A3-9474-1A3956D46DE8}") = "Tests", "Tests", "{D072735D-C2C2-44FF-B7E4-3B67667C464E}"
EndProject
Project("{2150E333-8FDC-42A3-9474-1A3956D46DE8}") = "UnitTests", "UnitTests", "{EAC2DE5D-5317-4988-9628-6FC0D9873ED7}"
EndProject
Project("{2150E333-8FDC-42A3-9474-1A3956D46DE8}") = "IntegrationTests", "IntegrationTests", "{A1AF94BE-337F-435C-BCC2-69BAC65BFFB4}"
EndProject
Project("{9A19103F-16F7-4668-BE54-9A1E7A4F7556}") = "File.Infrastructure.IntegrationTests", "Tests\IntegrationTests\File.Infrastructure.IntegrationTests\File.Infrastructure.IntegrationTests.csproj", "{2E417D27-5DDA-4E6C-B5F6-EEFA23899314}"
EndProject
Project("{9A19103F-16F7-4668-BE54-9A1E7A4F7556}") = "File.API.UnitTests", "Tests\UnitTests\File.API.UnitTests\File.API.UnitTests.csproj", "{D4629324-A9D5-420F-9D7D-B478D14D2946}"
EndProject
Project("{9A19103F-16F7-4668-BE54-9A1E7A4F7556}") = "File.Core.UnitTests", "Tests\UnitTests\File.Core.UnitTests\File.Core.UnitTests.csproj", "{BA5F5BF6-6768-4513-9615-93CBB059E325}"
EndProject
Project("{9A19103F-16F7-4668-BE54-9A1E7A4F7556}") = "File.Domain.UnitTests", "Tests\UnitTests\File.Domain.UnitTests\File.Domain.UnitTests.csproj", "{C4CE88A0-65FE-40C2-B034-13D27886E686}"
EndProject
Project("{9A19103F-16F7-4668-BE54-9A1E7A4F7556}") = "File.Infrastructure.UnitTests", "Tests\UnitTests\File.Infrastructure.UnitTests\File.Infrastructure.UnitTests.csproj", "{09731D6F-B61D-4733-A5D1-E3F7D07699C9}"
EndProject
Project("{2150E333-8FDC-42A3-9474-1A3956D46DE8}") = "SystemTests", "SystemTests", "{93865CE0-1284-41CF-89AE-FE95D6B09989}"
EndProject
Project("{9A19103F-16F7-4668-BE54-9A1E7A4F7556}") = "File.API.SystemTests", "Tests\SystemTests\File.API.SystemTests\File.API.SystemTests.csproj", "{471F35C0-92C6-4F35-A9A6-EC2FAFF59281}"
EndProject
Project("{9A19103F-16F7-4668-BE54-9A1E7A4F7556}") = "File.UnitTests.Common", "Tests\UnitTests\File.UnitTests.Common\File.UnitTests.Common.csproj", "{9AA173F7-9251-465F-8B9A-2F3D541004F2}"
EndProject
Global
	GlobalSection(SolutionConfigurationPlatforms) = preSolution
		Debug|Any CPU = Debug|Any CPU
		Release|Any CPU = Release|Any CPU
	EndGlobalSection
	GlobalSection(ProjectConfigurationPlatforms) = postSolution
		{87E03C39-5BF7-4861-953E-0E5AECAC1C02}.Debug|Any CPU.ActiveCfg = Debug|Any CPU
		{87E03C39-5BF7-4861-953E-0E5AECAC1C02}.Debug|Any CPU.Build.0 = Debug|Any CPU
		{87E03C39-5BF7-4861-953E-0E5AECAC1C02}.Release|Any CPU.ActiveCfg = Release|Any CPU
		{87E03C39-5BF7-4861-953E-0E5AECAC1C02}.Release|Any CPU.Build.0 = Release|Any CPU
		{64358599-098D-42CD-944E-5046AEA2CFBD}.Debug|Any CPU.ActiveCfg = Debug|Any CPU
		{64358599-098D-42CD-944E-5046AEA2CFBD}.Debug|Any CPU.Build.0 = Debug|Any CPU
		{64358599-098D-42CD-944E-5046AEA2CFBD}.Release|Any CPU.ActiveCfg = Release|Any CPU
		{64358599-098D-42CD-944E-5046AEA2CFBD}.Release|Any CPU.Build.0 = Release|Any CPU
		{64141313-5666-4D8A-91C1-31A876CFC7CD}.Debug|Any CPU.ActiveCfg = Debug|Any CPU
		{64141313-5666-4D8A-91C1-31A876CFC7CD}.Debug|Any CPU.Build.0 = Debug|Any CPU
		{64141313-5666-4D8A-91C1-31A876CFC7CD}.Release|Any CPU.ActiveCfg = Release|Any CPU
		{64141313-5666-4D8A-91C1-31A876CFC7CD}.Release|Any CPU.Build.0 = Release|Any CPU
		{A63743FB-4697-4D96-B109-17C7FCEB1D7F}.Debug|Any CPU.ActiveCfg = Debug|Any CPU
		{A63743FB-4697-4D96-B109-17C7FCEB1D7F}.Debug|Any CPU.Build.0 = Debug|Any CPU
		{A63743FB-4697-4D96-B109-17C7FCEB1D7F}.Release|Any CPU.ActiveCfg = Release|Any CPU
		{A63743FB-4697-4D96-B109-17C7FCEB1D7F}.Release|Any CPU.Build.0 = Release|Any CPU
		{2E417D27-5DDA-4E6C-B5F6-EEFA23899314}.Debug|Any CPU.ActiveCfg = Debug|Any CPU
		{2E417D27-5DDA-4E6C-B5F6-EEFA23899314}.Debug|Any CPU.Build.0 = Debug|Any CPU
		{2E417D27-5DDA-4E6C-B5F6-EEFA23899314}.Release|Any CPU.ActiveCfg = Release|Any CPU
		{2E417D27-5DDA-4E6C-B5F6-EEFA23899314}.Release|Any CPU.Build.0 = Release|Any CPU
		{D4629324-A9D5-420F-9D7D-B478D14D2946}.Debug|Any CPU.ActiveCfg = Debug|Any CPU
		{D4629324-A9D5-420F-9D7D-B478D14D2946}.Debug|Any CPU.Build.0 = Debug|Any CPU
		{D4629324-A9D5-420F-9D7D-B478D14D2946}.Release|Any CPU.ActiveCfg = Release|Any CPU
		{D4629324-A9D5-420F-9D7D-B478D14D2946}.Release|Any CPU.Build.0 = Release|Any CPU
		{BA5F5BF6-6768-4513-9615-93CBB059E325}.Debug|Any CPU.ActiveCfg = Debug|Any CPU
		{BA5F5BF6-6768-4513-9615-93CBB059E325}.Debug|Any CPU.Build.0 = Debug|Any CPU
		{BA5F5BF6-6768-4513-9615-93CBB059E325}.Release|Any CPU.ActiveCfg = Release|Any CPU
		{BA5F5BF6-6768-4513-9615-93CBB059E325}.Release|Any CPU.Build.0 = Release|Any CPU
		{C4CE88A0-65FE-40C2-B034-13D27886E686}.Debug|Any CPU.ActiveCfg = Debug|Any CPU
		{C4CE88A0-65FE-40C2-B034-13D27886E686}.Debug|Any CPU.Build.0 = Debug|Any CPU
		{C4CE88A0-65FE-40C2-B034-13D27886E686}.Release|Any CPU.ActiveCfg = Release|Any CPU
		{C4CE88A0-65FE-40C2-B034-13D27886E686}.Release|Any CPU.Build.0 = Release|Any CPU
		{09731D6F-B61D-4733-A5D1-E3F7D07699C9}.Debug|Any CPU.ActiveCfg = Debug|Any CPU
		{09731D6F-B61D-4733-A5D1-E3F7D07699C9}.Debug|Any CPU.Build.0 = Debug|Any CPU
		{09731D6F-B61D-4733-A5D1-E3F7D07699C9}.Release|Any CPU.ActiveCfg = Release|Any CPU
		{09731D6F-B61D-4733-A5D1-E3F7D07699C9}.Release|Any CPU.Build.0 = Release|Any CPU
		{471F35C0-92C6-4F35-A9A6-EC2FAFF59281}.Debug|Any CPU.ActiveCfg = Debug|Any CPU
		{471F35C0-92C6-4F35-A9A6-EC2FAFF59281}.Debug|Any CPU.Build.0 = Debug|Any CPU
		{471F35C0-92C6-4F35-A9A6-EC2FAFF59281}.Release|Any CPU.ActiveCfg = Release|Any CPU
		{471F35C0-92C6-4F35-A9A6-EC2FAFF59281}.Release|Any CPU.Build.0 = Release|Any CPU
		{9AA173F7-9251-465F-8B9A-2F3D541004F2}.Debug|Any CPU.ActiveCfg = Debug|Any CPU
		{9AA173F7-9251-465F-8B9A-2F3D541004F2}.Debug|Any CPU.Build.0 = Debug|Any CPU
		{9AA173F7-9251-465F-8B9A-2F3D541004F2}.Release|Any CPU.ActiveCfg = Release|Any CPU
		{9AA173F7-9251-465F-8B9A-2F3D541004F2}.Release|Any CPU.Build.0 = Release|Any CPU
	EndGlobalSection
	GlobalSection(SolutionProperties) = preSolution
		HideSolutionNode = FALSE
	EndGlobalSection
	GlobalSection(NestedProjects) = preSolution
		{EAC2DE5D-5317-4988-9628-6FC0D9873ED7} = {D072735D-C2C2-44FF-B7E4-3B67667C464E}
		{A1AF94BE-337F-435C-BCC2-69BAC65BFFB4} = {D072735D-C2C2-44FF-B7E4-3B67667C464E}
		{2E417D27-5DDA-4E6C-B5F6-EEFA23899314} = {A1AF94BE-337F-435C-BCC2-69BAC65BFFB4}
		{D4629324-A9D5-420F-9D7D-B478D14D2946} = {EAC2DE5D-5317-4988-9628-6FC0D9873ED7}
		{BA5F5BF6-6768-4513-9615-93CBB059E325} = {EAC2DE5D-5317-4988-9628-6FC0D9873ED7}
		{C4CE88A0-65FE-40C2-B034-13D27886E686} = {EAC2DE5D-5317-4988-9628-6FC0D9873ED7}
		{09731D6F-B61D-4733-A5D1-E3F7D07699C9} = {EAC2DE5D-5317-4988-9628-6FC0D9873ED7}
		{93865CE0-1284-41CF-89AE-FE95D6B09989} = {D072735D-C2C2-44FF-B7E4-3B67667C464E}
		{471F35C0-92C6-4F35-A9A6-EC2FAFF59281} = {93865CE0-1284-41CF-89AE-FE95D6B09989}
		{9AA173F7-9251-465F-8B9A-2F3D541004F2} = {EAC2DE5D-5317-4988-9628-6FC0D9873ED7}
	EndGlobalSection
	GlobalSection(ExtensibilityGlobals) = postSolution
		SolutionGuid = {F5ECAF92-D74D-4184-BD5A-7AEC9CE76826}
	EndGlobalSection
EndGlobal
